// !$*UTF8*$!
{
	archiveVersion = 1;
	classes = {
	};
	objectVersion = 46;
	objects = {

/* Begin PBXBuildFile section */
		A91D91781C3BFE8A00769BA8 /* AppDelegate.swift in Sources */ = {isa = PBXBuildFile; fileRef = A91D91771C3BFE8A00769BA8 /* AppDelegate.swift */; };
		A91D917A1C3BFE8A00769BA8 /* ViewController.swift in Sources */ = {isa = PBXBuildFile; fileRef = A91D91791C3BFE8A00769BA8 /* ViewController.swift */; };
		A91D917D1C3BFE8A00769BA8 /* Main.storyboard in Resources */ = {isa = PBXBuildFile; fileRef = A91D917B1C3BFE8A00769BA8 /* Main.storyboard */; };
		A91D917F1C3BFE8A00769BA8 /* Assets.xcassets in Resources */ = {isa = PBXBuildFile; fileRef = A91D917E1C3BFE8A00769BA8 /* Assets.xcassets */; };
		A91D91821C3BFE8A00769BA8 /* LaunchScreen.storyboard in Resources */ = {isa = PBXBuildFile; fileRef = A91D91801C3BFE8A00769BA8 /* LaunchScreen.storyboard */; };
		A91D918A1C3C014800769BA8 /* CustomTableViewCell.swift in Sources */ = {isa = PBXBuildFile; fileRef = A91D91891C3C014800769BA8 /* CustomTableViewCell.swift */; };
/* End PBXBuildFile section */

/* Begin PBXFileReference section */
		A91D91741C3BFE8A00769BA8 /* MultipleSelectionUITableViewSample.app */ = {isa = PBXFileReference; explicitFileType = wrapper.application; includeInIndex = 0; path = MultipleSelectionUITableViewSample.app; sourceTree = BUILT_PRODUCTS_DIR; };
		A91D91771C3BFE8A00769BA8 /* AppDelegate.swift */ = {isa = PBXFileReference; lastKnownFileType = sourcecode.swift; path = AppDelegate.swift; sourceTree = "<group>"; };
		A91D91791C3BFE8A00769BA8 /* ViewController.swift */ = {isa = PBXFileReference; lastKnownFileType = sourcecode.swift; path = ViewController.swift; sourceTree = "<group>"; };
		A91D917C1C3BFE8A00769BA8 /* Base */ = {isa = PBXFileReference; lastKnownFileType = file.storyboard; name = Base; path = Base.lproj/Main.storyboard; sourceTree = "<group>"; };
		A91D917E1C3BFE8A00769BA8 /* Assets.xcassets */ = {isa = PBXFileReference; lastKnownFileType = folder.assetcatalog; path = Assets.xcassets; sourceTree = "<group>"; };
		A91D91811C3BFE8A00769BA8 /* Base */ = {isa = PBXFileReference; lastKnownFileType = file.storyboard; name = Base; path = Base.lproj/LaunchScreen.storyboard; sourceTree = "<group>"; };
		A91D91831C3BFE8A00769BA8 /* Info.plist */ = {isa = PBXFileReference; lastKnownFileType = text.plist.xml; path = Info.plist; sourceTree = "<group>"; };
		A91D91891C3C014800769BA8 /* CustomTableViewCell.swift */ = {isa = PBXFileReference; fileEncoding = 4; lastKnownFileType = sourcecode.swift; path = CustomTableViewCell.swift; sourceTree = "<group>"; };
/* End PBXFileReference section */

/* Begin PBXFrameworksBuildPhase section */
		A91D91711C3BFE8A00769BA8 /* Frameworks */ = {
			isa = PBXFrameworksBuildPhase;
			buildActionMask = 2147483647;
			files = (
			);
			runOnlyForDeploymentPostprocessing = 0;
		};
/* End PBXFrameworksBuildPhase section */

/* Begin PBXGroup section */
		A91D916B1C3BFE8A00769BA8 = {
			isa = PBXGroup;
			children = (
				A91D91761C3BFE8A00769BA8 /* MultipleSelectionUITableViewSample */,
				A91D91751C3BFE8A00769BA8 /* Products */,
			);
			sourceTree = "<group>";
		};
		A91D91751C3BFE8A00769BA8 /* Products */ = {
			isa = PBXGroup;
			children = (
				A91D91741C3BFE8A00769BA8 /* MultipleSelectionUITableViewSample.app */,
			);
			name = Products;
			sourceTree = "<group>";
		};
		A91D91761C3BFE8A00769BA8 /* MultipleSelectionUITableViewSample */ = {
			isa = PBXGroup;
			children = (
				A91D91771C3BFE8A00769BA8 /* AppDelegate.swift */,
				A91D91791C3BFE8A00769BA8 /* ViewController.swift */,
				A91D91891C3C014800769BA8 /* CustomTableViewCell.swift */,
				A91D917B1C3BFE8A00769BA8 /* Main.storyboard */,
				A91D917E1C3BFE8A00769BA8 /* Assets.xcassets */,
				A91D91801C3BFE8A00769BA8 /* LaunchScreen.storyboard */,
				A91D91831C3BFE8A00769BA8 /* Info.plist */,
			);
			path = MultipleSelectionUITableViewSample;
			sourceTree = "<group>";
		};
/* End PBXGroup section */

/* Begin PBXNativeTarget section */
		A91D91731C3BFE8A00769BA8 /* MultipleSelectionUITableViewSample */ = {
			isa = PBXNativeTarget;
			buildConfigurationList = A91D91861C3BFE8A00769BA8 /* Build configuration list for PBXNativeTarget "MultipleSelectionUITableViewSample" */;
			buildPhases = (
				A91D91701C3BFE8A00769BA8 /* Sources */,
				A91D91711C3BFE8A00769BA8 /* Frameworks */,
				A91D91721C3BFE8A00769BA8 /* Resources */,
			);
			buildRules = (
			);
			dependencies = (
			);
			name = MultipleSelectionUITableViewSample;
			productName = MultipleSelectionUITableViewSample;
			productReference = A91D91741C3BFE8A00769BA8 /* MultipleSelectionUITableViewSample.app */;
			productType = "com.apple.product-type.application";
		};
/* End PBXNativeTarget section */

/* Begin PBXProject section */
		A91D916C1C3BFE8A00769BA8 /* Project object */ = {
			isa = PBXProject;
			attributes = {
				LastSwiftUpdateCheck = 0720;
				LastUpgradeCheck = 0720;
				ORGANIZATIONNAME = "kazunori kikuchi";
				TargetAttributes = {
					A91D91731C3BFE8A00769BA8 = {
						CreatedOnToolsVersion = 7.2;
					};
				};
			};
			buildConfigurationList = A91D916F1C3BFE8A00769BA8 /* Build configuration list for PBXProject "MultipleSelectionUITableViewSample" */;
			compatibilityVersion = "Xcode 3.2";
			developmentRegion = English;
			hasScannedForEncodings = 0;
			knownRegions = (
				en,
				Base,
			);
			mainGroup = A91D916B1C3BFE8A00769BA8;
			productRefGroup = A91D91751C3BFE8A00769BA8 /* Products */;
			projectDirPath = "";
			projectRoot = "";
			targets = (
				A91D91731C3BFE8A00769BA8 /* MultipleSelectionUITableViewSample */,
			);
		};
/* End PBXProject section */

/* Begin PBXResourcesBuildPhase section */
		A91D91721C3BFE8A00769BA8 /* Resources */ = {
			isa = PBXResourcesBuildPhase;
			buildActionMask = 2147483647;
			files = (
				A91D91821C3BFE8A00769BA8 /* LaunchScreen.storyboard in Resources */,
				A91D917F1C3BFE8A00769BA8 /* Assets.xcassets in Resources */,
				A91D917D1C3BFE8A00769BA8 /* Main.storyboard in Resources */,
			);
			runOnlyForDeploymentPostprocessing = 0;
		};
/* End PBXResourcesBuildPhase section */

/* Begin PBXSourcesBuildPhase section */
		A91D91701C3BFE8A00769BA8 /* Sources */ = {
			isa = PBXSourcesBuildPhase;
			buildActionMask = 2147483647;
			files = (
				A91D918A1C3C014800769BA8 /* CustomTableViewCell.swift in Sources */,
				A91D917A1C3BFE8A00769BA8 /* ViewController.swift in Sources */,
				A91D91781C3BFE8A00769BA8 /* AppDelegate.swift in Sources */,
			);
			runOnlyForDeploymentPostprocessing = 0;
		};
/* End PBXSourcesBuildPhase section */

/* Begin PBXVariantGroup section */
		A91D917B1C3BFE8A00769BA8 /* Main.storyboard */ = {
			isa = PBXVariantGroup;
			children = (
				A91D917C1C3BFE8A00769BA8 /* Base */,
			);
			name = Main.storyboard;
			sourceTree = "<group>";
		};
		A91D91801C3BFE8A00769BA8 /* LaunchScreen.storyboard */ = {
			isa = PBXVariantGroup;
			children = (
				A91D91811C3BFE8A00769BA8 /* Base */,
			);
			name = LaunchScreen.storyboard;
			sourceTree = "<group>";
		};
/* End PBXVariantGroup section */

/* Begin XCBuildConfiguration section */
		A91D91841C3BFE8A00769BA8 /* Debug */ = {
			isa = XCBuildConfiguration;
			buildSettings = {
				ALWAYS_SEARCH_USER_PATHS = NO;
				CLANG_CXX_LANGUAGE_STANDARD = "gnu++0x";
				CLANG_CXX_LIBRARY = "libc++";
				CLANG_ENABLE_MODULES = YES;
				CLANG_ENABLE_OBJC_ARC = YES;
				CLANG_WARN_BOOL_CONVERSION = YES;
				CLANG_WARN_CONSTANT_CONVERSION = YES;
				CLANG_WARN_DIRECT_OBJC_ISA_USAGE = YES_ERROR;
				CLANG_WARN_EMPTY_BODY = YES;
				CLANG_WARN_ENUM_CONVERSION = YES;
				CLANG_WARN_INT_CONVERSION = YES;
				CLANG_WARN_OBJC_ROOT_CLASS = YES_ERROR;
				CLANG_WARN_UNREACHABLE_CODE = YES;
				CLANG_WARN__DUPLICATE_METHOD_MATCH = YES;
				"CODE_SIGN_IDENTITY[sdk=iphoneos*]" = "iPhone Developer";
				COPY_PHASE_STRIP = NO;
				DEBUG_INFORMATION_FORMAT = dwarf;
				ENABLE_STRICT_OBJC_MSGSEND = YES;
				ENABLE_TESTABILITY = YES;
				GCC_C_LANGUAGE_STANDARD = gnu99;
				GCC_DYNAMIC_NO_PIC = NO;
				GCC_NO_COMMON_BLOCKS = YES;
				GCC_OPTIMIZATION_LEVEL = 0;
				GCC_PREPROCESSOR_DEFINITIONS = (
					"DEBUG=1",
					"$(inherited)",
				);
				GCC_WARN_64_TO_32_BIT_CONVERSION = YES;
				GCC_WARN_ABOUT_RETURN_TYPE = YES_ERROR;
				GCC_WARN_UNDECLARED_SELECTOR = YES;
				GCC_WARN_UNINITIALIZED_AUTOS = YES_AGGRESSIVE;
				GCC_WARN_UNUSED_FUNCTION = YES;
				GCC_WARN_UNUSED_VARIABLE = YES;
				IPHONEOS_DEPLOYMENT_TARGET = 9.2;
				MTL_ENABLE_DEBUG_INFO = YES;
				ONLY_ACTIVE_ARCH = YES;
				SDKROOT = iphoneos;
				SWIFT_OPTIMIZATION_LEVEL = "-Onone";
			};
			name = Debug;
		};
		A91D91851C3BFE8A00769BA8 /* Release */ = {
			isa = XCBuildConfiguration;
			buildSettings = {
				ALWAYS_SEARCH_USER_PATHS = NO;
				CLANG_CXX_LANGUAGE_STANDARD = "gnu++0x";
				CLANG_CXX_LIBRARY = "libc++";
				CLANG_ENABLE_MODULES = YES;
				CLANG_ENABLE_OBJC_ARC = YES;
				CLANG_WARN_BOOL_CONVERSION = YES;
				CLANG_WARN_CONSTANT_CONVERSION = YES;
				CLANG_WARN_DIRECT_OBJC_ISA_USAGE = YES_ERROR;
				CLANG_WARN_EMPTY_BODY = YES;
				CLANG_WARN_ENUM_CONVERSION = YES;
				CLANG_WARN_INT_CONVERSION = YES;
				CLANG_WARN_OBJC_ROOT_CLASS = YES_ERROR;
				CLANG_WARN_UNREACHABLE_CODE = YES;
				CLANG_WARN__DUPLICATE_METHOD_MATCH = YES;
				"CODE_SIGN_IDENTITY[sdk=iphoneos*]" = "iPhone Developer";
				COPY_PHASE_STRIP = NO;
				DEBUG_INFORMATION_FORMAT = "dwarf-with-dsym";
				ENABLE_NS_ASSERTIONS = NO;
				ENABLE_STRICT_OBJC_MSGSEND = YES;
				GCC_C_LANGUAGE_STANDARD = gnu99;
				GCC_NO_COMMON_BLOCKS = YES;
				GCC_WARN_64_TO_32_BIT_CONVERSION = YES;
				GCC_WARN_ABOUT_RETURN_TYPE = YES_ERROR;
				GCC_WARN_UNDECLARED_SELECTOR = YES;
				GCC_WARN_UNINITIALIZED_AUTOS = YES_AGGRESSIVE;
				GCC_WARN_UNUSED_FUNCTION = YES;
				GCC_WARN_UNUSED_VARIABLE = YES;
				IPHONEOS_DEPLOYMENT_TARGET = 9.2;
				MTL_ENABLE_DEBUG_INFO = NO;
				SDKROOT = iphoneos;
				VALIDATE_PRODUCT = YES;
			};
			name = Release;
		};
		A91D91871C3BFE8A00769BA8 /* Debug */ = {
			isa = XCBuildConfiguration;
			buildSettings = {
				ASSETCATALOG_COMPILER_APPICON_NAME = AppIcon;
				INFOPLIST_FILE = MultipleSelectionUITableViewSample/Info.plist;
				LD_RUNPATH_SEARCH_PATHS = "$(inherited) @executable_path/Frameworks";
				PRODUCT_BUNDLE_IDENTIFIER = com.kikuchi.MultipleSelectionUITableViewSample;
				PRODUCT_NAME = "$(TARGET_NAME)";
			};
			name = Debug;
		};
		A91D91881C3BFE8A00769BA8 /* Release */ = {
			isa = XCBuildConfiguration;
			buildSettings = {
				ASSETCATALOG_COMPILER_APPICON_NAME = AppIcon;
				INFOPLIST_FILE = MultipleSelectionUITableViewSample/Info.plist;
				LD_RUNPATH_SEARCH_PATHS = "$(inherited) @executable_path/Frameworks";
				PRODUCT_BUNDLE_IDENTIFIER = com.kikuchi.MultipleSelectionUITableViewSample;
				PRODUCT_NAME = "$(TARGET_NAME)";
			};
			name = Release;
		};
/* End XCBuildConfiguration section */

/* Begin XCConfigurationList section */
		A91D916F1C3BFE8A00769BA8 /* Build configuration list for PBXProject "MultipleSelectionUITableViewSample" */ = {
			isa = XCConfigurationList;
			buildConfigurations = (
				A91D91841C3BFE8A00769BA8 /* Debug */,
				A91D91851C3BFE8A00769BA8 /* Release */,
			);
			defaultConfigurationIsVisible = 0;
			defaultConfigurationName = Release;
		};
		A91D91861C3BFE8A00769BA8 /* Build configuration list for PBXNativeTarget "MultipleSelectionUITableViewSample" */ = {
			isa = XCConfigurationList;
			buildConfigurations = (
				A91D91871C3BFE8A00769BA8 /* Debug */,
				A91D91881C3BFE8A00769BA8 /* Release */,
			);
			defaultConfigurationIsVisible = 0;
		};
/* End XCConfigurationList section */
	};
	rootObject = A91D916C1C3BFE8A00769BA8 /* Project object */;
}
